
Microsoft Visual Studio Solution File, Format Version 12.00
# Visual Studio Version 16
VisualStudioVersion = 16.0.31313.79
MinimumVisualStudioVersion = 10.0.40219.1
Project("{FAE04EC0-301F-11D3-BF4B-00C04F79EFBC}") = "CiphersAndCompression", "CiphersAndCompression\CiphersAndCompression.csproj", "{DAAC1648-9670-4B1E-9F56-FCBF7FD5BB43}"
EndProject
Project("{FAE04EC0-301F-11D3-BF4B-00C04F79EFBC}") = "API", "API\API.csproj", "{1F7170AE-C89F-42BF-AFAE-B3E77E806A87}"
EndProject
Project("{FAE04EC0-301F-11D3-BF4B-00C04F79EFBC}") = "ChatDesign", "ChatDesign\ChatDesign.csproj", "{0BF17916-02C5-47AA-864D-55F39007C5CA}"
EndProject
Global
	GlobalSection(SolutionConfigurationPlatforms) = preSolution
		Debug|Any CPU = Debug|Any CPU
		Release|Any CPU = Release|Any CPU
	EndGlobalSection
	GlobalSection(ProjectConfigurationPlatforms) = postSolution
		{DAAC1648-9670-4B1E-9F56-FCBF7FD5BB43}.Debug|Any CPU.ActiveCfg = Debug|Any CPU
		{DAAC1648-9670-4B1E-9F56-FCBF7FD5BB43}.Debug|Any CPU.Build.0 = Debug|Any CPU
		{DAAC1648-9670-4B1E-9F56-FCBF7FD5BB43}.Release|Any CPU.ActiveCfg = Release|Any CPU
		{DAAC1648-9670-4B1E-9F56-FCBF7FD5BB43}.Release|Any CPU.Build.0 = Release|Any CPU
		{1F7170AE-C89F-42BF-AFAE-B3E77E806A87}.Debug|Any CPU.ActiveCfg = Debug|Any CPU
		{1F7170AE-C89F-42BF-AFAE-B3E77E806A87}.Debug|Any CPU.Build.0 = Debug|Any CPU
		{1F7170AE-C89F-42BF-AFAE-B3E77E806A87}.Release|Any CPU.ActiveCfg = Release|Any CPU
		{1F7170AE-C89F-42BF-AFAE-B3E77E806A87}.Release|Any CPU.Build.0 = Release|Any CPU
		{0BF17916-02C5-47AA-864D-55F39007C5CA}.Debug|Any CPU.ActiveCfg = Debug|Any CPU
		{0BF17916-02C5-47AA-864D-55F39007C5CA}.Debug|Any CPU.Build.0 = Debug|Any CPU
		{0BF17916-02C5-47AA-864D-55F39007C5CA}.Release|Any CPU.ActiveCfg = Release|Any CPU
		{0BF17916-02C5-47AA-864D-55F39007C5CA}.Release|Any CPU.Build.0 = Release|Any CPU
	EndGlobalSection
	GlobalSection(SolutionProperties) = preSolution
		HideSolutionNode = FALSE
	EndGlobalSection
	GlobalSection(ExtensibilityGlobals) = postSolution
		SolutionGuid = {73613CFC-AD33-4556-8A83-621C288E2B4B}
	EndGlobalSection
EndGlobal
